
Microsoft Visual Studio Solution File, Format Version 12.00
# Visual Studio Version 17
VisualStudioVersion = 17.7.34031.279
MinimumVisualStudioVersion = 10.0.40219.1
Project("{9A19103F-16F7-4668-BE54-9A1E7A4F7556}") = "PAC.BusinessLogic", "PAC.BusinessLogic\PAC.BusinessLogic.csproj", "{9346C16C-416D-4131-93FE-319C147B6FCC}"
EndProject
Project("{9A19103F-16F7-4668-BE54-9A1E7A4F7556}") = "PAC.IBusinessLogic", "PAC.IBusinessLogic\PAC.IBusinessLogic.csproj", "{EB85DC3D-5965-4EA0-9985-F4F441F08EDD}"
EndProject
Project("{9A19103F-16F7-4668-BE54-9A1E7A4F7556}") = "PAC.Domain", "PAC.Domain\PAC.Domain.csproj", "{9FAF231D-E5E4-4D07-B18B-6B0F27531ACF}"
EndProject
Project("{9A19103F-16F7-4668-BE54-9A1E7A4F7556}") = "PAC.DataAccess", "PAC.DataAccess\PAC.DataAccess.csproj", "{95645EFD-A639-4E0E-B6B7-B8E7B539FD6B}"
EndProject
Project("{9A19103F-16F7-4668-BE54-9A1E7A4F7556}") = "PAC.IDataAccess", "PAC.IDataAccess\PAC.IDataAccess.csproj", "{07D12894-8842-4783-A9B6-EEC09E5302D2}"
EndProject
Project("{9A19103F-16F7-4668-BE54-9A1E7A4F7556}") = "PAC.Tests.WebApi", "PAC.Tests.WebApi\PAC.Tests.WebApi.csproj", "{DB6C0EBE-FC22-47F4-B129-515BA2D00402}"
	ProjectSection(ProjectDependencies) = postProject
		{07D12894-8842-4783-A9B6-EEC09E5302D2} = {07D12894-8842-4783-A9B6-EEC09E5302D2}
		{9346C16C-416D-4131-93FE-319C147B6FCC} = {9346C16C-416D-4131-93FE-319C147B6FCC}
		{95645EFD-A639-4E0E-B6B7-B8E7B539FD6B} = {95645EFD-A639-4E0E-B6B7-B8E7B539FD6B}
	EndProjectSection
EndProject
Project("{9A19103F-16F7-4668-BE54-9A1E7A4F7556}") = "PAC.WebAPI", "PAC.WebAPI\PAC.WebAPI.csproj", "{BD87850D-327F-420C-A3DD-0BDC28DD4C4F}"
	ProjectSection(ProjectDependencies) = postProject
		{9FAF231D-E5E4-4D07-B18B-6B0F27531ACF} = {9FAF231D-E5E4-4D07-B18B-6B0F27531ACF}
	EndProjectSection
EndProject
Global
	GlobalSection(SolutionConfigurationPlatforms) = preSolution
		Debug|Any CPU = Debug|Any CPU
		Release|Any CPU = Release|Any CPU
	EndGlobalSection
	GlobalSection(ProjectConfigurationPlatforms) = postSolution
		{9346C16C-416D-4131-93FE-319C147B6FCC}.Debug|Any CPU.ActiveCfg = Debug|Any CPU
		{9346C16C-416D-4131-93FE-319C147B6FCC}.Debug|Any CPU.Build.0 = Debug|Any CPU
		{9346C16C-416D-4131-93FE-319C147B6FCC}.Release|Any CPU.ActiveCfg = Release|Any CPU
		{9346C16C-416D-4131-93FE-319C147B6FCC}.Release|Any CPU.Build.0 = Release|Any CPU
		{EB85DC3D-5965-4EA0-9985-F4F441F08EDD}.Debug|Any CPU.ActiveCfg = Debug|Any CPU
		{EB85DC3D-5965-4EA0-9985-F4F441F08EDD}.Debug|Any CPU.Build.0 = Debug|Any CPU
		{EB85DC3D-5965-4EA0-9985-F4F441F08EDD}.Release|Any CPU.ActiveCfg = Release|Any CPU
		{EB85DC3D-5965-4EA0-9985-F4F441F08EDD}.Release|Any CPU.Build.0 = Release|Any CPU
		{9FAF231D-E5E4-4D07-B18B-6B0F27531ACF}.Debug|Any CPU.ActiveCfg = Debug|Any CPU
		{9FAF231D-E5E4-4D07-B18B-6B0F27531ACF}.Debug|Any CPU.Build.0 = Debug|Any CPU
		{9FAF231D-E5E4-4D07-B18B-6B0F27531ACF}.Release|Any CPU.ActiveCfg = Release|Any CPU
		{9FAF231D-E5E4-4D07-B18B-6B0F27531ACF}.Release|Any CPU.Build.0 = Release|Any CPU
		{95645EFD-A639-4E0E-B6B7-B8E7B539FD6B}.Debug|Any CPU.ActiveCfg = Debug|Any CPU
		{95645EFD-A639-4E0E-B6B7-B8E7B539FD6B}.Debug|Any CPU.Build.0 = Debug|Any CPU
		{95645EFD-A639-4E0E-B6B7-B8E7B539FD6B}.Release|Any CPU.ActiveCfg = Release|Any CPU
		{95645EFD-A639-4E0E-B6B7-B8E7B539FD6B}.Release|Any CPU.Build.0 = Release|Any CPU
		{07D12894-8842-4783-A9B6-EEC09E5302D2}.Debug|Any CPU.ActiveCfg = Debug|Any CPU
		{07D12894-8842-4783-A9B6-EEC09E5302D2}.Debug|Any CPU.Build.0 = Debug|Any CPU
		{07D12894-8842-4783-A9B6-EEC09E5302D2}.Release|Any CPU.ActiveCfg = Release|Any CPU
		{07D12894-8842-4783-A9B6-EEC09E5302D2}.Release|Any CPU.Build.0 = Release|Any CPU
		{DB6C0EBE-FC22-47F4-B129-515BA2D00402}.Debug|Any CPU.ActiveCfg = Debug|Any CPU
		{DB6C0EBE-FC22-47F4-B129-515BA2D00402}.Debug|Any CPU.Build.0 = Debug|Any CPU
		{DB6C0EBE-FC22-47F4-B129-515BA2D00402}.Release|Any CPU.ActiveCfg = Release|Any CPU
		{DB6C0EBE-FC22-47F4-B129-515BA2D00402}.Release|Any CPU.Build.0 = Release|Any CPU
		{BD87850D-327F-420C-A3DD-0BDC28DD4C4F}.Debug|Any CPU.ActiveCfg = Debug|Any CPU
		{BD87850D-327F-420C-A3DD-0BDC28DD4C4F}.Debug|Any CPU.Build.0 = Debug|Any CPU
		{BD87850D-327F-420C-A3DD-0BDC28DD4C4F}.Release|Any CPU.ActiveCfg = Release|Any CPU
		{BD87850D-327F-420C-A3DD-0BDC28DD4C4F}.Release|Any CPU.Build.0 = Release|Any CPU
	EndGlobalSection
	GlobalSection(SolutionProperties) = preSolution
		HideSolutionNode = FALSE
	EndGlobalSection
	GlobalSection(ExtensibilityGlobals) = postSolution
		SolutionGuid = {C27FA1A4-6204-462A-B438-5DE512458B5C}
	EndGlobalSection
EndGlobal
